
Microsoft Visual Studio Solution File, Format Version 12.00
# Visual Studio Version 16
VisualStudioVersion = 16.0.31320.298
MinimumVisualStudioVersion = 10.0.40219.1
Project("{FAE04EC0-301F-11D3-BF4B-00C04F79EFBC}") = "LearnRssForYammer", "LearnRssForYammer\LearnRssForYammer.csproj", "{0231B926-0888-43D5-B8FA-4ABC520C19CA}"
EndProject
Global
	GlobalSection(SolutionConfigurationPlatforms) = preSolution
		Debug|Any CPU = Debug|Any CPU
		Release|Any CPU = Release|Any CPU
	EndGlobalSection
	GlobalSection(ProjectConfigurationPlatforms) = postSolution
		{0231B926-0888-43D5-B8FA-4ABC520C19CA}.Debug|Any CPU.ActiveCfg = Debug|Any CPU
		{0231B926-0888-43D5-B8FA-4ABC520C19CA}.Debug|Any CPU.Build.0 = Debug|Any CPU
		{0231B926-0888-43D5-B8FA-4ABC520C19CA}.Release|Any CPU.ActiveCfg = Release|Any CPU
		{0231B926-0888-43D5-B8FA-4ABC520C19CA}.Release|Any CPU.Build.0 = Release|Any CPU
	EndGlobalSection
	GlobalSection(SolutionProperties) = preSolution
		HideSolutionNode = FALSE
	EndGlobalSection
	GlobalSection(ExtensibilityGlobals) = postSolution
		SolutionGuid = {C6AFE303-5376-485B-9570-F0B158051E09}
	EndGlobalSection
EndGlobal
